{
  "version": 4,
  "terraform_version": "1.4.6",
  "serial": 60,
  "lineage": "7ff52552-35b8-3065-614f-cbfe08dd796e",
  "outputs": {},
  "resources": [
    {
      "mode": "managed",
      "type": "azurerm_network_interface",
      "name": "hubnic",
      "provider": "provider[\"registry.terraform.io/hashicorp/azurerm\"]",
      "instances": [
        {
          "schema_version": 0,
          "attributes": {
            "applied_dns_servers": [],
            "dns_servers": [],
            "edge_zone": "",
            "enable_accelerated_networking": false,
            "enable_ip_forwarding": false,
            "id": "/subscriptions/a0f6d487-f022-463a-8aaf-2d154a2b329c/resourceGroups/hub-spoke-rg/providers/Microsoft.Network/networkInterfaces/hub-nic",
            "internal_dns_name_label": "",
            "internal_domain_name_suffix": "",
            "ip_configuration": [
              {
                "gateway_load_balancer_frontend_ip_configuration_id": "",
                "name": "internal",
                "primary": true,
                "private_ip_address": "10.0.1.4",
                "private_ip_address_allocation": "Dynamic",
                "private_ip_address_version": "IPv4",
                "public_ip_address_id": "",
                "subnet_id": "/subscriptions/a0f6d487-f022-463a-8aaf-2d154a2b329c/resourceGroups/hub-spoke-rg/providers/Microsoft.Network/virtualNetworks/hub_vnet/subnets/main-subnet"
              }
            ],
            "location": "uksouth",
            "mac_address": "60-45-BD-12-8D-DC",
            "name": "hub-nic",
            "private_ip_address": "10.0.1.4",
            "private_ip_addresses": [
              "10.0.1.4"
            ],
            "resource_group_name": "hub-spoke-rg",
            "tags": {},
            "timeouts": null,
            "virtual_machine_id": "/subscriptions/a0f6d487-f022-463a-8aaf-2d154a2b329c/resourceGroups/hub-spoke-rg/providers/Microsoft.Compute/virtualMachines/hub-vm"
          },
          "sensitive_attributes": [],
          "private": "eyJlMmJmYjczMC1lY2FhLTExZTYtOGY4OC0zNDM2M2JjN2M0YzAiOnsiY3JlYXRlIjoxODAwMDAwMDAwMDAwLCJkZWxldGUiOjE4MDAwMDAwMDAwMDAsInJlYWQiOjMwMDAwMDAwMDAwMCwidXBkYXRlIjoxODAwMDAwMDAwMDAwfX0=",
          "dependencies": [
            "azurerm_resource_group.hub_spoke_rg",
            "azurerm_subnet.topremsub",
            "azurerm_virtual_network.hubvnet"
          ]
        }
      ]
    },
    {
      "mode": "managed",
      "type": "azurerm_network_interface",
      "name": "onprem-nic",
      "provider": "provider[\"registry.terraform.io/hashicorp/azurerm\"]",
      "instances": [
        {
          "schema_version": 0,
          "attributes": {
            "applied_dns_servers": [],
            "dns_servers": [],
            "edge_zone": "",
            "enable_accelerated_networking": false,
            "enable_ip_forwarding": true,
            "id": "/subscriptions/a0f6d487-f022-463a-8aaf-2d154a2b329c/resourceGroups/onprem-vnet-rg/providers/Microsoft.Network/networkInterfaces/onprem-nic",
            "internal_dns_name_label": "",
            "internal_domain_name_suffix": "",
            "ip_configuration": [
              {
                "gateway_load_balancer_frontend_ip_configuration_id": "",
                "name": "onprem",
                "primary": true,
                "private_ip_address": "192.168.1.132",
                "private_ip_address_allocation": "Dynamic",
                "private_ip_address_version": "IPv4",
                "public_ip_address_id": "/subscriptions/a0f6d487-f022-463a-8aaf-2d154a2b329c/resourceGroups/onprem-vnet-rg/providers/Microsoft.Network/publicIPAddresses/onprem-pip",
                "subnet_id": "/subscriptions/a0f6d487-f022-463a-8aaf-2d154a2b329c/resourceGroups/onprem-vnet-rg/providers/Microsoft.Network/virtualNetworks/onprem-vnet/subnets/mgmt"
              }
            ],
            "location": "uksouth",
            "mac_address": "60-45-BD-11-B1-6C",
            "name": "onprem-nic",
            "private_ip_address": "192.168.1.132",
            "private_ip_addresses": [
              "192.168.1.132"
            ],
            "resource_group_name": "onprem-vnet-rg",
            "tags": {},
            "timeouts": null,
            "virtual_machine_id": "/subscriptions/a0f6d487-f022-463a-8aaf-2d154a2b329c/resourceGroups/ONPREM-VNET-RG/providers/Microsoft.Compute/virtualMachines/onprem-vm"
          },
          "sensitive_attributes": [],
          "private": "eyJlMmJmYjczMC1lY2FhLTExZTYtOGY4OC0zNDM2M2JjN2M0YzAiOnsiY3JlYXRlIjoxODAwMDAwMDAwMDAwLCJkZWxldGUiOjE4MDAwMDAwMDAwMDAsInJlYWQiOjMwMDAwMDAwMDAwMCwidXBkYXRlIjoxODAwMDAwMDAwMDAwfX0=",
          "dependencies": [
            "azurerm_public_ip.onprem-pip",
            "azurerm_resource_group.onprem-vnet-rg",
            "azurerm_subnet.onprem-mgmt",
            "azurerm_virtual_network.onprem-vnet"
          ]
        }
      ]
    },
    {
      "mode": "managed",
      "type": "azurerm_network_interface",
      "name": "spoke1nic",
      "provider": "provider[\"registry.terraform.io/hashicorp/azurerm\"]",
      "instances": [
        {
          "schema_version": 0,
          "attributes": {
            "applied_dns_servers": [],
            "dns_servers": [],
            "edge_zone": "",
            "enable_accelerated_networking": false,
            "enable_ip_forwarding": false,
            "id": "/subscriptions/a0f6d487-f022-463a-8aaf-2d154a2b329c/resourceGroups/hub-spoke-rg/providers/Microsoft.Network/networkInterfaces/spoke1nic",
            "internal_dns_name_label": "",
            "internal_domain_name_suffix": "",
            "ip_configuration": [
              {
                "gateway_load_balancer_frontend_ip_configuration_id": "",
                "name": "internal",
                "primary": true,
                "private_ip_address": "10.1.1.4",
                "private_ip_address_allocation": "Dynamic",
                "private_ip_address_version": "IPv4",
                "public_ip_address_id": "",
                "subnet_id": "/subscriptions/a0f6d487-f022-463a-8aaf-2d154a2b329c/resourceGroups/hub-spoke-rg/providers/Microsoft.Network/virtualNetworks/spoke-vnet/subnets/spoke-subnet"
              }
            ],
            "location": "uksouth",
            "mac_address": "00-22-48-43-0B-35",
            "name": "spoke1nic",
            "private_ip_address": "10.1.1.4",
            "private_ip_addresses": [
              "10.1.1.4"
            ],
            "resource_group_name": "hub-spoke-rg",
            "tags": {},
            "timeouts": null,
            "virtual_machine_id": "/subscriptions/a0f6d487-f022-463a-8aaf-2d154a2b329c/resourceGroups/HUB-SPOKE-RG/providers/Microsoft.Compute/virtualMachines/spoke1-vm"
          },
          "sensitive_attributes": [],
          "private": "eyJlMmJmYjczMC1lY2FhLTExZTYtOGY4OC0zNDM2M2JjN2M0YzAiOnsiY3JlYXRlIjoxODAwMDAwMDAwMDAwLCJkZWxldGUiOjE4MDAwMDAwMDAwMDAsInJlYWQiOjMwMDAwMDAwMDAwMCwidXBkYXRlIjoxODAwMDAwMDAwMDAwfX0=",
          "dependencies": [
            "azurerm_resource_group.hub_spoke_rg",
            "azurerm_subnet.spokesub",
            "azurerm_virtual_network.spokevnet"
          ]
        }
      ]
    },
    {
      "mode": "managed",
      "type": "azurerm_network_interface",
      "name": "spoke2nic",
      "provider": "provider[\"registry.terraform.io/hashicorp/azurerm\"]",
      "instances": [
        {
          "schema_version": 0,
          "attributes": {
            "applied_dns_servers": [],
            "dns_servers": [],
            "edge_zone": "",
            "enable_accelerated_networking": false,
            "enable_ip_forwarding": false,
            "id": "/subscriptions/a0f6d487-f022-463a-8aaf-2d154a2b329c/resourceGroups/hub-spoke-rg/providers/Microsoft.Network/networkInterfaces/spoke2nic",
            "internal_dns_name_label": "",
            "internal_domain_name_suffix": "",
            "ip_configuration": [
              {
                "gateway_load_balancer_frontend_ip_configuration_id": "",
                "name": "internal",
                "primary": true,
                "private_ip_address": "10.2.1.4",
                "private_ip_address_allocation": "Dynamic",
                "private_ip_address_version": "IPv4",
                "public_ip_address_id": "",
                "subnet_id": "/subscriptions/a0f6d487-f022-463a-8aaf-2d154a2b329c/resourceGroups/hub-spoke-rg/providers/Microsoft.Network/virtualNetworks/spoke2-vnet/subnets/spoke2-subnet"
              }
            ],
            "location": "uksouth",
            "mac_address": "00-0D-3A-D4-93-6F",
            "name": "spoke2nic",
            "private_ip_address": "10.2.1.4",
            "private_ip_addresses": [
              "10.2.1.4"
            ],
            "resource_group_name": "hub-spoke-rg",
            "tags": {},
            "timeouts": null,
            "virtual_machine_id": "/subscriptions/a0f6d487-f022-463a-8aaf-2d154a2b329c/resourceGroups/HUB-SPOKE-RG/providers/Microsoft.Compute/virtualMachines/spoke2-vm"
          },
          "sensitive_attributes": [],
          "private": "eyJlMmJmYjczMC1lY2FhLTExZTYtOGY4OC0zNDM2M2JjN2M0YzAiOnsiY3JlYXRlIjoxODAwMDAwMDAwMDAwLCJkZWxldGUiOjE4MDAwMDAwMDAwMDAsInJlYWQiOjMwMDAwMDAwMDAwMCwidXBkYXRlIjoxODAwMDAwMDAwMDAwfX0=",
          "dependencies": [
            "azurerm_resource_group.hub_spoke_rg",
            "azurerm_subnet.spokesub2",
            "azurerm_virtual_network.spokevnet2"
          ]
        }
      ]
    },
    {
      "mode": "managed",
      "type": "azurerm_network_security_group",
      "name": "onprem-nsg",
      "provider": "provider[\"registry.terraform.io/hashicorp/azurerm\"]",
      "instances": [
        {
          "schema_version": 0,
          "attributes": {
            "id": "/subscriptions/a0f6d487-f022-463a-8aaf-2d154a2b329c/resourceGroups/onprem-vnet-rg/providers/Microsoft.Network/networkSecurityGroups/onprem-nsg",
            "location": "uksouth",
            "name": "onprem-nsg",
            "resource_group_name": "onprem-vnet-rg",
            "security_rule": [
              {
                "access": "Allow",
                "description": "",
                "destination_address_prefix": "*",
                "destination_address_prefixes": [],
                "destination_application_security_group_ids": [],
                "destination_port_range": "22",
                "destination_port_ranges": [],
                "direction": "Inbound",
                "name": "SSH",
                "priority": 1001,
                "protocol": "Tcp",
                "source_address_prefix": "*",
                "source_address_prefixes": [],
                "source_application_security_group_ids": [],
                "source_port_range": "*",
                "source_port_ranges": []
              }
            ],
            "tags": {
              "environment": "onprem"
            },
            "timeouts": null
          },
          "sensitive_attributes": [],
          "private": "eyJlMmJmYjczMC1lY2FhLTExZTYtOGY4OC0zNDM2M2JjN2M0YzAiOnsiY3JlYXRlIjoxODAwMDAwMDAwMDAwLCJkZWxldGUiOjE4MDAwMDAwMDAwMDAsInJlYWQiOjMwMDAwMDAwMDAwMCwidXBkYXRlIjoxODAwMDAwMDAwMDAwfX0=",
          "dependencies": [
            "azurerm_resource_group.onprem-vnet-rg"
          ]
        }
      ]
    },
    {
      "mode": "managed",
      "type": "azurerm_public_ip",
      "name": "azure-vpn-gateway1-pip",
      "provider": "provider[\"registry.terraform.io/hashicorp/azurerm\"]",
      "instances": [
        {
          "schema_version": 0,
          "attributes": {
            "allocation_method": "Dynamic",
            "domain_name_label": null,
            "edge_zone": "",
            "fqdn": null,
            "id": "/subscriptions/a0f6d487-f022-463a-8aaf-2d154a2b329c/resourceGroups/hub-spoke-rg/providers/Microsoft.Network/publicIPAddresses/vpn-gateway-pip",
            "idle_timeout_in_minutes": 4,
            "ip_address": "4.234.103.234",
            "ip_tags": {},
            "ip_version": "IPv4",
            "location": "uksouth",
            "name": "vpn-gateway-pip",
            "public_ip_prefix_id": null,
            "resource_group_name": "hub-spoke-rg",
            "reverse_fqdn": null,
            "sku": "Basic",
            "sku_tier": "Regional",
            "tags": {},
            "timeouts": null,
            "zones": []
          },
          "sensitive_attributes": [],
          "private": "eyJlMmJmYjczMC1lY2FhLTExZTYtOGY4OC0zNDM2M2JjN2M0YzAiOnsiY3JlYXRlIjoxODAwMDAwMDAwMDAwLCJkZWxldGUiOjE4MDAwMDAwMDAwMDAsInJlYWQiOjMwMDAwMDAwMDAwMCwidXBkYXRlIjoxODAwMDAwMDAwMDAwfX0="
        }
      ]
    },
    {
      "mode": "managed",
      "type": "azurerm_public_ip",
      "name": "onprem-pip",
      "provider": "provider[\"registry.terraform.io/hashicorp/azurerm\"]",
      "instances": [
        {
          "schema_version": 0,
          "attributes": {
            "allocation_method": "Dynamic",
            "domain_name_label": null,
            "edge_zone": "",
            "fqdn": null,
            "id": "/subscriptions/a0f6d487-f022-463a-8aaf-2d154a2b329c/resourceGroups/onprem-vnet-rg/providers/Microsoft.Network/publicIPAddresses/onprem-pip",
            "idle_timeout_in_minutes": 4,
            "ip_address": "",
            "ip_tags": {},
            "ip_version": "IPv4",
            "location": "uksouth",
            "name": "onprem-pip",
            "public_ip_prefix_id": null,
            "resource_group_name": "onprem-vnet-rg",
            "reverse_fqdn": null,
            "sku": "Basic",
            "sku_tier": "Regional",
            "tags": {},
            "timeouts": null,
            "zones": []
          },
          "sensitive_attributes": [],
          "private": "eyJlMmJmYjczMC1lY2FhLTExZTYtOGY4OC0zNDM2M2JjN2M0YzAiOnsiY3JlYXRlIjoxODAwMDAwMDAwMDAwLCJkZWxldGUiOjE4MDAwMDAwMDAwMDAsInJlYWQiOjMwMDAwMDAwMDAwMCwidXBkYXRlIjoxODAwMDAwMDAwMDAwfX0=",
          "dependencies": [
            "azurerm_resource_group.onprem-vnet-rg"
          ]
        }
      ]
    },
    {
      "mode": "managed",
      "type": "azurerm_public_ip",
      "name": "onprem-vpn-gateway1-pip",
      "provider": "provider[\"registry.terraform.io/hashicorp/azurerm\"]",
      "instances": [
        {
          "schema_version": 0,
          "attributes": {
            "allocation_method": "Dynamic",
            "domain_name_label": null,
            "edge_zone": "",
            "fqdn": null,
            "id": "/subscriptions/a0f6d487-f022-463a-8aaf-2d154a2b329c/resourceGroups/onprem-vnet-rg/providers/Microsoft.Network/publicIPAddresses/onprem-vpn-gateway1-pip",
            "idle_timeout_in_minutes": 4,
            "ip_address": "13.87.69.96",
            "ip_tags": {},
            "ip_version": "IPv4",
            "location": "uksouth",
            "name": "onprem-vpn-gateway1-pip",
            "public_ip_prefix_id": null,
            "resource_group_name": "onprem-vnet-rg",
            "reverse_fqdn": null,
            "sku": "Basic",
            "sku_tier": "Regional",
            "tags": {},
            "timeouts": null,
            "zones": []
          },
          "sensitive_attributes": [],
          "private": "eyJlMmJmYjczMC1lY2FhLTExZTYtOGY4OC0zNDM2M2JjN2M0YzAiOnsiY3JlYXRlIjoxODAwMDAwMDAwMDAwLCJkZWxldGUiOjE4MDAwMDAwMDAwMDAsInJlYWQiOjMwMDAwMDAwMDAwMCwidXBkYXRlIjoxODAwMDAwMDAwMDAwfX0=",
          "dependencies": [
            "azurerm_resource_group.onprem-vnet-rg"
          ]
        }
      ]
    },
    {
      "mode": "managed",
      "type": "azurerm_resource_group",
      "name": "hub_spoke_rg",
      "provider": "provider[\"registry.terraform.io/hashicorp/azurerm\"]",
      "instances": [
        {
          "schema_version": 0,
          "attributes": {
            "id": "/subscriptions/a0f6d487-f022-463a-8aaf-2d154a2b329c/resourceGroups/hub-spoke-rg",
            "location": "uksouth",
            "name": "hub-spoke-rg",
            "tags": {},
            "timeouts": null
          },
          "sensitive_attributes": [],
          "private": "eyJlMmJmYjczMC1lY2FhLTExZTYtOGY4OC0zNDM2M2JjN2M0YzAiOnsiY3JlYXRlIjo1NDAwMDAwMDAwMDAwLCJkZWxldGUiOjU0MDAwMDAwMDAwMDAsInJlYWQiOjMwMDAwMDAwMDAwMCwidXBkYXRlIjo1NDAwMDAwMDAwMDAwfX0="
        }
      ]
    },
    {
      "mode": "managed",
      "type": "azurerm_resource_group",
      "name": "onprem-vnet-rg",
      "provider": "provider[\"registry.terraform.io/hashicorp/azurerm\"]",
      "instances": [
        {
          "schema_version": 0,
          "attributes": {
            "id": "/subscriptions/a0f6d487-f022-463a-8aaf-2d154a2b329c/resourceGroups/onprem-vnet-rg",
            "location": "uksouth",
            "name": "onprem-vnet-rg",
            "tags": {},
            "timeouts": null
          },
          "sensitive_attributes": [],
          "private": "eyJlMmJmYjczMC1lY2FhLTExZTYtOGY4OC0zNDM2M2JjN2M0YzAiOnsiY3JlYXRlIjo1NDAwMDAwMDAwMDAwLCJkZWxldGUiOjU0MDAwMDAwMDAwMDAsInJlYWQiOjMwMDAwMDAwMDAwMCwidXBkYXRlIjo1NDAwMDAwMDAwMDAwfX0="
        }
      ]
    },
    {
      "mode": "managed",
      "type": "azurerm_subnet",
      "name": "azure-gateway-subnet",
      "provider": "provider[\"registry.terraform.io/hashicorp/azurerm\"]",
      "instances": [
        {
          "schema_version": 0,
          "attributes": {
            "address_prefixes": [
              "10.0.2.0/24"
            ],
            "delegation": [],
            "enforce_private_link_endpoint_network_policies": false,
            "enforce_private_link_service_network_policies": false,
            "id": "/subscriptions/a0f6d487-f022-463a-8aaf-2d154a2b329c/resourceGroups/hub-spoke-rg/providers/Microsoft.Network/virtualNetworks/hub_vnet/subnets/GatewaySubnet",
            "name": "GatewaySubnet",
            "resource_group_name": "hub-spoke-rg",
            "service_endpoint_policy_ids": [],
            "service_endpoints": [],
            "timeouts": null,
            "virtual_network_name": "hub_vnet"
          },
          "sensitive_attributes": [],
          "private": "eyJlMmJmYjczMC1lY2FhLTExZTYtOGY4OC0zNDM2M2JjN2M0YzAiOnsiY3JlYXRlIjoxODAwMDAwMDAwMDAwLCJkZWxldGUiOjE4MDAwMDAwMDAwMDAsInJlYWQiOjMwMDAwMDAwMDAwMCwidXBkYXRlIjoxODAwMDAwMDAwMDAwfX0="
        }
      ]
    },
    {
      "mode": "managed",
      "type": "azurerm_subnet",
      "name": "onprem-gateway-subnet",
      "provider": "provider[\"registry.terraform.io/hashicorp/azurerm\"]",
      "instances": [
        {
          "schema_version": 0,
          "attributes": {
            "address_prefixes": [
              "192.168.255.224/27"
            ],
            "delegation": [],
            "enforce_private_link_endpoint_network_policies": false,
            "enforce_private_link_service_network_policies": false,
            "id": "/subscriptions/a0f6d487-f022-463a-8aaf-2d154a2b329c/resourceGroups/onprem-vnet-rg/providers/Microsoft.Network/virtualNetworks/onprem-vnet/subnets/GatewaySubnet",
            "name": "GatewaySubnet",
            "resource_group_name": "onprem-vnet-rg",
            "service_endpoint_policy_ids": [],
            "service_endpoints": [],
            "timeouts": null,
            "virtual_network_name": "onprem-vnet"
          },
          "sensitive_attributes": [],
          "private": "eyJlMmJmYjczMC1lY2FhLTExZTYtOGY4OC0zNDM2M2JjN2M0YzAiOnsiY3JlYXRlIjoxODAwMDAwMDAwMDAwLCJkZWxldGUiOjE4MDAwMDAwMDAwMDAsInJlYWQiOjMwMDAwMDAwMDAwMCwidXBkYXRlIjoxODAwMDAwMDAwMDAwfX0=",
          "dependencies": [
            "azurerm_resource_group.onprem-vnet-rg",
            "azurerm_virtual_network.onprem-vnet"
          ]
        }
      ]
    },
    {
      "mode": "managed",
      "type": "azurerm_subnet",
      "name": "onprem-mgmt",
      "provider": "provider[\"registry.terraform.io/hashicorp/azurerm\"]",
      "instances": [
        {
          "schema_version": 0,
          "attributes": {
            "address_prefixes": [
              "192.168.1.128/25"
            ],
            "delegation": [],
            "enforce_private_link_endpoint_network_policies": false,
            "enforce_private_link_service_network_policies": false,
            "id": "/subscriptions/a0f6d487-f022-463a-8aaf-2d154a2b329c/resourceGroups/onprem-vnet-rg/providers/Microsoft.Network/virtualNetworks/onprem-vnet/subnets/mgmt",
            "name": "mgmt",
            "resource_group_name": "onprem-vnet-rg",
            "service_endpoint_policy_ids": [],
            "service_endpoints": [],
            "timeouts": null,
            "virtual_network_name": "onprem-vnet"
          },
          "sensitive_attributes": [],
          "private": "eyJlMmJmYjczMC1lY2FhLTExZTYtOGY4OC0zNDM2M2JjN2M0YzAiOnsiY3JlYXRlIjoxODAwMDAwMDAwMDAwLCJkZWxldGUiOjE4MDAwMDAwMDAwMDAsInJlYWQiOjMwMDAwMDAwMDAwMCwidXBkYXRlIjoxODAwMDAwMDAwMDAwfX0=",
          "dependencies": [
            "azurerm_resource_group.onprem-vnet-rg",
            "azurerm_virtual_network.onprem-vnet"
          ]
        }
      ]
    },
    {
      "mode": "managed",
      "type": "azurerm_subnet",
      "name": "spokesub",
      "provider": "provider[\"registry.terraform.io/hashicorp/azurerm\"]",
      "instances": [
        {
          "schema_version": 0,
          "attributes": {
            "address_prefixes": [
              "10.1.1.0/24"
            ],
            "delegation": [],
            "enforce_private_link_endpoint_network_policies": false,
            "enforce_private_link_service_network_policies": false,
            "id": "/subscriptions/a0f6d487-f022-463a-8aaf-2d154a2b329c/resourceGroups/hub-spoke-rg/providers/Microsoft.Network/virtualNetworks/spoke-vnet/subnets/spoke-subnet",
            "name": "spoke-subnet",
            "resource_group_name": "hub-spoke-rg",
            "service_endpoint_policy_ids": [],
            "service_endpoints": [],
            "timeouts": null,
            "virtual_network_name": "spoke-vnet"
          },
          "sensitive_attributes": [],
          "private": "eyJlMmJmYjczMC1lY2FhLTExZTYtOGY4OC0zNDM2M2JjN2M0YzAiOnsiY3JlYXRlIjoxODAwMDAwMDAwMDAwLCJkZWxldGUiOjE4MDAwMDAwMDAwMDAsInJlYWQiOjMwMDAwMDAwMDAwMCwidXBkYXRlIjoxODAwMDAwMDAwMDAwfX0=",
          "dependencies": [
            "azurerm_resource_group.hub_spoke_rg",
            "azurerm_virtual_network.spokevnet"
          ]
        }
      ]
    },
    {
      "mode": "managed",
      "type": "azurerm_subnet",
      "name": "spokesub2",
      "provider": "provider[\"registry.terraform.io/hashicorp/azurerm\"]",
      "instances": [
        {
          "schema_version": 0,
          "attributes": {
            "address_prefixes": [
              "10.2.1.0/24"
            ],
            "delegation": [],
            "enforce_private_link_endpoint_network_policies": false,
            "enforce_private_link_service_network_policies": false,
            "id": "/subscriptions/a0f6d487-f022-463a-8aaf-2d154a2b329c/resourceGroups/hub-spoke-rg/providers/Microsoft.Network/virtualNetworks/spoke2-vnet/subnets/spoke2-subnet",
            "name": "spoke2-subnet",
            "resource_group_name": "hub-spoke-rg",
            "service_endpoint_policy_ids": [],
            "service_endpoints": [],
            "timeouts": null,
            "virtual_network_name": "spoke2-vnet"
          },
          "sensitive_attributes": [],
          "private": "eyJlMmJmYjczMC1lY2FhLTExZTYtOGY4OC0zNDM2M2JjN2M0YzAiOnsiY3JlYXRlIjoxODAwMDAwMDAwMDAwLCJkZWxldGUiOjE4MDAwMDAwMDAwMDAsInJlYWQiOjMwMDAwMDAwMDAwMCwidXBkYXRlIjoxODAwMDAwMDAwMDAwfX0=",
          "dependencies": [
            "azurerm_resource_group.hub_spoke_rg",
            "azurerm_virtual_network.spokevnet2"
          ]
        }
      ]
    },
    {
      "mode": "managed",
      "type": "azurerm_subnet",
      "name": "topremsub",
      "provider": "provider[\"registry.terraform.io/hashicorp/azurerm\"]",
      "instances": [
        {
          "schema_version": 0,
          "attributes": {
            "address_prefixes": [
              "10.0.1.0/24"
            ],
            "delegation": [],
            "enforce_private_link_endpoint_network_policies": false,
            "enforce_private_link_service_network_policies": false,
            "id": "/subscriptions/a0f6d487-f022-463a-8aaf-2d154a2b329c/resourceGroups/hub-spoke-rg/providers/Microsoft.Network/virtualNetworks/hub_vnet/subnets/main-subnet",
            "name": "main-subnet",
            "resource_group_name": "hub-spoke-rg",
            "service_endpoint_policy_ids": [],
            "service_endpoints": [],
            "timeouts": null,
            "virtual_network_name": "hub_vnet"
          },
          "sensitive_attributes": [],
          "private": "eyJlMmJmYjczMC1lY2FhLTExZTYtOGY4OC0zNDM2M2JjN2M0YzAiOnsiY3JlYXRlIjoxODAwMDAwMDAwMDAwLCJkZWxldGUiOjE4MDAwMDAwMDAwMDAsInJlYWQiOjMwMDAwMDAwMDAwMCwidXBkYXRlIjoxODAwMDAwMDAwMDAwfX0=",
          "dependencies": [
            "azurerm_resource_group.hub_spoke_rg",
            "azurerm_virtual_network.hubvnet"
          ]
        }
      ]
    },
    {
      "mode": "managed",
      "type": "azurerm_subnet_network_security_group_association",
      "name": "mgmt-nsg-association",
      "provider": "provider[\"registry.terraform.io/hashicorp/azurerm\"]",
      "instances": [
        {
          "schema_version": 0,
          "attributes": {
            "id": "/subscriptions/a0f6d487-f022-463a-8aaf-2d154a2b329c/resourceGroups/onprem-vnet-rg/providers/Microsoft.Network/virtualNetworks/onprem-vnet/subnets/mgmt",
            "network_security_group_id": "/subscriptions/a0f6d487-f022-463a-8aaf-2d154a2b329c/resourceGroups/onprem-vnet-rg/providers/Microsoft.Network/networkSecurityGroups/onprem-nsg",
            "subnet_id": "/subscriptions/a0f6d487-f022-463a-8aaf-2d154a2b329c/resourceGroups/onprem-vnet-rg/providers/Microsoft.Network/virtualNetworks/onprem-vnet/subnets/mgmt",
            "timeouts": null
          },
          "sensitive_attributes": [],
          "private": "eyJlMmJmYjczMC1lY2FhLTExZTYtOGY4OC0zNDM2M2JjN2M0YzAiOnsiY3JlYXRlIjoxODAwMDAwMDAwMDAwLCJkZWxldGUiOjE4MDAwMDAwMDAwMDAsInJlYWQiOjMwMDAwMDAwMDAwMCwidXBkYXRlIjoxODAwMDAwMDAwMDAwfX0=",
          "dependencies": [
            "azurerm_network_security_group.onprem-nsg",
            "azurerm_resource_group.onprem-vnet-rg",
            "azurerm_subnet.onprem-mgmt",
            "azurerm_virtual_network.onprem-vnet"
          ]
        }
      ]
    },
    {
      "mode": "managed",
      "type": "azurerm_virtual_machine",
      "name": "onprem-vm",
      "provider": "provider[\"registry.terraform.io/hashicorp/azurerm\"]",
      "instances": [
        {
          "schema_version": 0,
          "attributes": {
            "additional_capabilities": [],
            "availability_set_id": null,
            "boot_diagnostics": [],
            "delete_data_disks_on_termination": false,
            "delete_os_disk_on_termination": false,
            "id": "/subscriptions/a0f6d487-f022-463a-8aaf-2d154a2b329c/resourceGroups/onprem-vnet-rg/providers/Microsoft.Compute/virtualMachines/onprem-vm",
            "identity": [],
            "license_type": null,
            "location": "uksouth",
            "name": "onprem-vm",
            "network_interface_ids": [
              "/subscriptions/a0f6d487-f022-463a-8aaf-2d154a2b329c/resourceGroups/onprem-vnet-rg/providers/Microsoft.Network/networkInterfaces/onprem-nic"
            ],
            "os_profile": [
              {
                "admin_password": "",
                "admin_username": "adminuser",
                "computer_name": "onprem-vm",
                "custom_data": ""
              }
            ],
            "os_profile_linux_config": [
              {
                "disable_password_authentication": false,
                "ssh_keys": []
              }
            ],
            "os_profile_secrets": [],
            "os_profile_windows_config": [],
            "plan": [],
            "primary_network_interface_id": null,
            "proximity_placement_group_id": null,
            "resource_group_name": "onprem-vnet-rg",
            "storage_data_disk": [],
            "storage_image_reference": [
              {
                "id": "",
                "offer": "UbuntuServer",
                "publisher": "Canonical",
                "sku": "16.04-LTS",
                "version": "latest"
              }
            ],
            "storage_os_disk": [
              {
                "caching": "ReadWrite",
                "create_option": "FromImage",
                "disk_size_gb": 30,
                "image_uri": "",
                "managed_disk_id": "/subscriptions/a0f6d487-f022-463a-8aaf-2d154a2b329c/resourceGroups/onprem-vnet-rg/providers/Microsoft.Compute/disks/myosdisk1",
                "managed_disk_type": "Standard_LRS",
                "name": "myosdisk1",
                "os_type": "Linux",
                "vhd_uri": "",
                "write_accelerator_enabled": false
              }
            ],
            "tags": {
              "environment": "onprem"
            },
            "timeouts": null,
            "vm_size": "Standard_B2s",
            "zones": []
          },
          "sensitive_attributes": [],
          "private": "eyJlMmJmYjczMC1lY2FhLTExZTYtOGY4OC0zNDM2M2JjN2M0YzAiOnsiY3JlYXRlIjozNjAwMDAwMDAwMDAwLCJkZWxldGUiOjM2MDAwMDAwMDAwMDAsInJlYWQiOjMwMDAwMDAwMDAwMCwidXBkYXRlIjozNjAwMDAwMDAwMDAwfX0=",
          "dependencies": [
            "azurerm_network_interface.onprem-nic",
            "azurerm_public_ip.onprem-pip",
            "azurerm_resource_group.onprem-vnet-rg",
            "azurerm_subnet.onprem-mgmt",
            "azurerm_virtual_network.onprem-vnet"
          ]
        }
      ]
    },
    {
      "mode": "managed",
      "type": "azurerm_virtual_network",
      "name": "hubvnet",
      "provider": "provider[\"registry.terraform.io/hashicorp/azurerm\"]",
      "instances": [
        {
          "schema_version": 0,
          "attributes": {
            "address_space": [
              "10.0.0.0/16"
            ],
            "bgp_community": "",
            "ddos_protection_plan": [],
            "dns_servers": [],
            "edge_zone": "",
            "flow_timeout_in_minutes": 0,
            "guid": "2f664c51-09cf-46c2-8a5e-969731aafbf7",
            "id": "/subscriptions/a0f6d487-f022-463a-8aaf-2d154a2b329c/resourceGroups/hub-spoke-rg/providers/Microsoft.Network/virtualNetworks/hub_vnet",
            "location": "uksouth",
            "name": "hub_vnet",
            "resource_group_name": "hub-spoke-rg",
            "subnet": [
              {
                "address_prefix": "10.0.1.0/24",
                "id": "/subscriptions/a0f6d487-f022-463a-8aaf-2d154a2b329c/resourceGroups/hub-spoke-rg/providers/Microsoft.Network/virtualNetworks/hub_vnet/subnets/main-subnet",
                "name": "main-subnet",
                "security_group": "/subscriptions/a0f6d487-f022-463a-8aaf-2d154a2b329c/resourceGroups/hub-spoke-rg/providers/Microsoft.Network/networkSecurityGroups/hub_vnet-main-subnet-nsg-uksouth"
              },
              {
                "address_prefix": "10.0.2.0/24",
                "id": "/subscriptions/a0f6d487-f022-463a-8aaf-2d154a2b329c/resourceGroups/hub-spoke-rg/providers/Microsoft.Network/virtualNetworks/hub_vnet/subnets/GatewaySubnet",
                "name": "GatewaySubnet",
                "security_group": ""
              }
            ],
            "tags": {},
            "timeouts": null
          },
          "sensitive_attributes": [],
          "private": "eyJlMmJmYjczMC1lY2FhLTExZTYtOGY4OC0zNDM2M2JjN2M0YzAiOnsiY3JlYXRlIjoxODAwMDAwMDAwMDAwLCJkZWxldGUiOjE4MDAwMDAwMDAwMDAsInJlYWQiOjMwMDAwMDAwMDAwMCwidXBkYXRlIjoxODAwMDAwMDAwMDAwfX0=",
          "dependencies": [
            "azurerm_resource_group.hub_spoke_rg"
          ]
        }
      ]
    },
    {
      "mode": "managed",
      "type": "azurerm_virtual_network",
      "name": "onprem-vnet",
      "provider": "provider[\"registry.terraform.io/hashicorp/azurerm\"]",
      "instances": [
        {
          "schema_version": 0,
          "attributes": {
            "address_space": [
              "192.168.0.0/16"
            ],
            "bgp_community": "",
            "ddos_protection_plan": [],
            "dns_servers": [],
            "edge_zone": "",
            "flow_timeout_in_minutes": 0,
            "guid": "70f829ac-c05d-44c9-88e3-5a5e4c264ca2",
            "id": "/subscriptions/a0f6d487-f022-463a-8aaf-2d154a2b329c/resourceGroups/onprem-vnet-rg/providers/Microsoft.Network/virtualNetworks/onprem-vnet",
            "location": "uksouth",
            "name": "onprem-vnet",
            "resource_group_name": "onprem-vnet-rg",
            "subnet": [
              {
                "address_prefix": "192.168.1.128/25",
                "id": "/subscriptions/a0f6d487-f022-463a-8aaf-2d154a2b329c/resourceGroups/onprem-vnet-rg/providers/Microsoft.Network/virtualNetworks/onprem-vnet/subnets/mgmt",
                "name": "mgmt",
                "security_group": "/subscriptions/a0f6d487-f022-463a-8aaf-2d154a2b329c/resourceGroups/onprem-vnet-rg/providers/Microsoft.Network/networkSecurityGroups/onprem-nsg"
              },
              {
                "address_prefix": "192.168.2.0/26",
                "id": "/subscriptions/a0f6d487-f022-463a-8aaf-2d154a2b329c/resourceGroups/onprem-vnet-rg/providers/Microsoft.Network/virtualNetworks/onprem-vnet/subnets/AzureBastionSubnet",
                "name": "AzureBastionSubnet",
                "security_group": "/subscriptions/a0f6d487-f022-463a-8aaf-2d154a2b329c/resourceGroups/onprem-vnet-rg/providers/Microsoft.Network/networkSecurityGroups/onprem-vnet-AzureBastionSubnet-nsg-uksouth"
              },
              {
                "address_prefix": "192.168.255.224/27",
                "id": "/subscriptions/a0f6d487-f022-463a-8aaf-2d154a2b329c/resourceGroups/onprem-vnet-rg/providers/Microsoft.Network/virtualNetworks/onprem-vnet/subnets/GatewaySubnet",
                "name": "GatewaySubnet",
                "security_group": ""
              }
            ],
            "tags": {},
            "timeouts": null
          },
          "sensitive_attributes": [],
          "private": "eyJlMmJmYjczMC1lY2FhLTExZTYtOGY4OC0zNDM2M2JjN2M0YzAiOnsiY3JlYXRlIjoxODAwMDAwMDAwMDAwLCJkZWxldGUiOjE4MDAwMDAwMDAwMDAsInJlYWQiOjMwMDAwMDAwMDAwMCwidXBkYXRlIjoxODAwMDAwMDAwMDAwfX0=",
          "dependencies": [
            "azurerm_resource_group.onprem-vnet-rg"
          ]
        }
      ]
    },
    {
      "mode": "managed",
      "type": "azurerm_virtual_network",
      "name": "spokevnet",
      "provider": "provider[\"registry.terraform.io/hashicorp/azurerm\"]",
      "instances": [
        {
          "schema_version": 0,
          "attributes": {
            "address_space": [
              "10.1.0.0/16"
            ],
            "bgp_community": "",
            "ddos_protection_plan": [],
            "dns_servers": [],
            "edge_zone": "",
            "flow_timeout_in_minutes": 0,
            "guid": "58fa405d-3b7c-4b8d-8349-a247a3dc00c8",
            "id": "/subscriptions/a0f6d487-f022-463a-8aaf-2d154a2b329c/resourceGroups/hub-spoke-rg/providers/Microsoft.Network/virtualNetworks/spoke-vnet",
            "location": "uksouth",
            "name": "spoke-vnet",
            "resource_group_name": "hub-spoke-rg",
            "subnet": [
              {
                "address_prefix": "10.1.1.0/24",
                "id": "/subscriptions/a0f6d487-f022-463a-8aaf-2d154a2b329c/resourceGroups/hub-spoke-rg/providers/Microsoft.Network/virtualNetworks/spoke-vnet/subnets/spoke-subnet",
                "name": "spoke-subnet",
                "security_group": "/subscriptions/a0f6d487-f022-463a-8aaf-2d154a2b329c/resourceGroups/hub-spoke-rg/providers/Microsoft.Network/networkSecurityGroups/spoke-vnet-spoke-subnet-nsg-uksouth"
              }
            ],
            "tags": {},
            "timeouts": null
          },
          "sensitive_attributes": [],
          "private": "eyJlMmJmYjczMC1lY2FhLTExZTYtOGY4OC0zNDM2M2JjN2M0YzAiOnsiY3JlYXRlIjoxODAwMDAwMDAwMDAwLCJkZWxldGUiOjE4MDAwMDAwMDAwMDAsInJlYWQiOjMwMDAwMDAwMDAwMCwidXBkYXRlIjoxODAwMDAwMDAwMDAwfX0=",
          "dependencies": [
            "azurerm_resource_group.hub_spoke_rg"
          ]
        }
      ]
    },
    {
      "mode": "managed",
      "type": "azurerm_virtual_network",
      "name": "spokevnet2",
      "provider": "provider[\"registry.terraform.io/hashicorp/azurerm\"]",
      "instances": [
        {
          "schema_version": 0,
          "attributes": {
            "address_space": [
              "10.2.0.0/16"
            ],
            "bgp_community": "",
            "ddos_protection_plan": [],
            "dns_servers": [],
            "edge_zone": "",
            "flow_timeout_in_minutes": 0,
            "guid": "d38fff7d-583d-4914-ab21-918b0275c010",
            "id": "/subscriptions/a0f6d487-f022-463a-8aaf-2d154a2b329c/resourceGroups/hub-spoke-rg/providers/Microsoft.Network/virtualNetworks/spoke2-vnet",
            "location": "uksouth",
            "name": "spoke2-vnet",
            "resource_group_name": "hub-spoke-rg",
            "subnet": [
              {
                "address_prefix": "10.2.1.0/24",
                "id": "/subscriptions/a0f6d487-f022-463a-8aaf-2d154a2b329c/resourceGroups/hub-spoke-rg/providers/Microsoft.Network/virtualNetworks/spoke2-vnet/subnets/spoke2-subnet",
                "name": "spoke2-subnet",
                "security_group": "/subscriptions/a0f6d487-f022-463a-8aaf-2d154a2b329c/resourceGroups/hub-spoke-rg/providers/Microsoft.Network/networkSecurityGroups/spoke2-vnet-spoke2-subnet-nsg-uksouth"
              }
            ],
            "tags": {},
            "timeouts": null
          },
          "sensitive_attributes": [],
          "private": "eyJlMmJmYjczMC1lY2FhLTExZTYtOGY4OC0zNDM2M2JjN2M0YzAiOnsiY3JlYXRlIjoxODAwMDAwMDAwMDAwLCJkZWxldGUiOjE4MDAwMDAwMDAwMDAsInJlYWQiOjMwMDAwMDAwMDAwMCwidXBkYXRlIjoxODAwMDAwMDAwMDAwfX0=",
          "dependencies": [
            "azurerm_resource_group.hub_spoke_rg"
          ]
        }
      ]
    },
    {
      "mode": "managed",
      "type": "azurerm_virtual_network_gateway",
      "name": "azure-vpn-gateway",
      "provider": "provider[\"registry.terraform.io/hashicorp/azurerm\"]",
      "instances": [
        {
          "schema_version": 0,
          "attributes": {
            "active_active": false,
            "bgp_settings": [
              {
                "asn": 65515,
                "peer_weight": 0,
                "peering_addresses": [
                  {
                    "apipa_addresses": [],
                    "default_addresses": [
                      "10.0.2.254"
                    ],
                    "ip_configuration_name": "vnetGatewayConfig",
                    "tunnel_ip_addresses": [
                      "4.234.103.234"
                    ]
                  }
                ]
              }
            ],
            "custom_route": [],
            "default_local_network_gateway_id": null,
            "edge_zone": "",
            "enable_bgp": false,
            "generation": "Generation1",
            "id": "/subscriptions/a0f6d487-f022-463a-8aaf-2d154a2b329c/resourceGroups/hub-spoke-rg/providers/Microsoft.Network/virtualNetworkGateways/az-vpn-gateway",
            "ip_configuration": [
              {
                "name": "vnetGatewayConfig",
                "private_ip_address_allocation": "Dynamic",
                "public_ip_address_id": "/subscriptions/a0f6d487-f022-463a-8aaf-2d154a2b329c/resourceGroups/hub-spoke-rg/providers/Microsoft.Network/publicIPAddresses/vpn-gateway-pip",
                "subnet_id": "/subscriptions/a0f6d487-f022-463a-8aaf-2d154a2b329c/resourceGroups/hub-spoke-rg/providers/Microsoft.Network/virtualNetworks/hub_vnet/subnets/GatewaySubnet"
              }
            ],
            "location": "uksouth",
            "name": "az-vpn-gateway",
            "private_ip_address_enabled": false,
            "resource_group_name": "hub-spoke-rg",
            "sku": "VpnGw1",
            "tags": {},
            "timeouts": null,
            "type": "Vpn",
            "vpn_client_configuration": [],
            "vpn_type": "RouteBased"
          },
          "sensitive_attributes": [],
          "private": "eyJlMmJmYjczMC1lY2FhLTExZTYtOGY4OC0zNDM2M2JjN2M0YzAiOnsiY3JlYXRlIjozNjAwMDAwMDAwMDAwLCJkZWxldGUiOjM2MDAwMDAwMDAwMDAsInJlYWQiOjMwMDAwMDAwMDAwMCwidXBkYXRlIjozNjAwMDAwMDAwMDAwfX0=",
          "dependencies": [
            "azurerm_public_ip.azure-vpn-gateway1-pip",
            "azurerm_subnet.azure-gateway-subnet"
          ]
        }
      ]
    },
    {
      "mode": "managed",
      "type": "azurerm_virtual_network_gateway",
      "name": "onprem-vpn-gateway",
      "provider": "provider[\"registry.terraform.io/hashicorp/azurerm\"]",
      "instances": [
        {
          "schema_version": 0,
          "attributes": {
            "active_active": false,
            "bgp_settings": [
              {
                "asn": 65515,
                "peer_weight": 0,
                "peering_addresses": [
                  {
                    "apipa_addresses": [],
                    "default_addresses": [
                      "192.168.255.254"
                    ],
                    "ip_configuration_name": "vnetGatewayConfig",
                    "tunnel_ip_addresses": [
                      "13.87.69.96"
                    ]
                  }
                ]
              }
            ],
            "custom_route": [],
            "default_local_network_gateway_id": null,
            "edge_zone": "",
            "enable_bgp": false,
            "generation": "Generation1",
            "id": "/subscriptions/a0f6d487-f022-463a-8aaf-2d154a2b329c/resourceGroups/onprem-vnet-rg/providers/Microsoft.Network/virtualNetworkGateways/onprem-vpn-gateway1",
            "ip_configuration": [
              {
                "name": "vnetGatewayConfig",
                "private_ip_address_allocation": "Dynamic",
                "public_ip_address_id": "/subscriptions/a0f6d487-f022-463a-8aaf-2d154a2b329c/resourceGroups/onprem-vnet-rg/providers/Microsoft.Network/publicIPAddresses/onprem-vpn-gateway1-pip",
                "subnet_id": "/subscriptions/a0f6d487-f022-463a-8aaf-2d154a2b329c/resourceGroups/onprem-vnet-rg/providers/Microsoft.Network/virtualNetworks/onprem-vnet/subnets/GatewaySubnet"
              }
            ],
            "location": "uksouth",
            "name": "onprem-vpn-gateway1",
            "private_ip_address_enabled": false,
            "resource_group_name": "onprem-vnet-rg",
            "sku": "VpnGw1",
            "tags": {},
            "timeouts": null,
            "type": "Vpn",
            "vpn_client_configuration": [],
            "vpn_type": "RouteBased"
          },
          "sensitive_attributes": [],
          "private": "eyJlMmJmYjczMC1lY2FhLTExZTYtOGY4OC0zNDM2M2JjN2M0YzAiOnsiY3JlYXRlIjozNjAwMDAwMDAwMDAwLCJkZWxldGUiOjM2MDAwMDAwMDAwMDAsInJlYWQiOjMwMDAwMDAwMDAwMCwidXBkYXRlIjozNjAwMDAwMDAwMDAwfX0=",
          "dependencies": [
            "azurerm_public_ip.onprem-vpn-gateway1-pip",
            "azurerm_resource_group.onprem-vnet-rg",
            "azurerm_subnet.onprem-gateway-subnet",
            "azurerm_virtual_network.onprem-vnet"
          ]
        }
      ]
    },
    {
      "mode": "managed",
      "type": "azurerm_virtual_network_peering",
      "name": "hubtospoke",
      "provider": "provider[\"registry.terraform.io/hashicorp/azurerm\"]",
      "instances": [
        {
          "schema_version": 0,
          "attributes": {
            "allow_forwarded_traffic": false,
            "allow_gateway_transit": false,
            "allow_virtual_network_access": true,
            "id": "/subscriptions/a0f6d487-f022-463a-8aaf-2d154a2b329c/resourceGroups/hub-spoke-rg/providers/Microsoft.Network/virtualNetworks/hub_vnet/virtualNetworkPeerings/hubtospoke1",
            "name": "hubtospoke1",
            "remote_virtual_network_id": "/subscriptions/a0f6d487-f022-463a-8aaf-2d154a2b329c/resourceGroups/hub-spoke-rg/providers/Microsoft.Network/virtualNetworks/spoke-vnet",
            "resource_group_name": "hub-spoke-rg",
            "timeouts": null,
            "use_remote_gateways": false,
            "virtual_network_name": "hub_vnet"
          },
          "sensitive_attributes": [],
          "private": "eyJlMmJmYjczMC1lY2FhLTExZTYtOGY4OC0zNDM2M2JjN2M0YzAiOnsiY3JlYXRlIjoxODAwMDAwMDAwMDAwLCJkZWxldGUiOjE4MDAwMDAwMDAwMDAsInJlYWQiOjMwMDAwMDAwMDAwMCwidXBkYXRlIjoxODAwMDAwMDAwMDAwfX0=",
          "dependencies": [
            "azurerm_resource_group.hub_spoke_rg",
            "azurerm_virtual_network.hubvnet",
            "azurerm_virtual_network.spokevnet"
          ]
        }
      ]
    },
    {
      "mode": "managed",
      "type": "azurerm_virtual_network_peering",
      "name": "hubtospoke2",
      "provider": "provider[\"registry.terraform.io/hashicorp/azurerm\"]",
      "instances": [
        {
          "schema_version": 0,
          "attributes": {
            "allow_forwarded_traffic": false,
            "allow_gateway_transit": false,
            "allow_virtual_network_access": true,
            "id": "/subscriptions/a0f6d487-f022-463a-8aaf-2d154a2b329c/resourceGroups/hub-spoke-rg/providers/Microsoft.Network/virtualNetworks/hub_vnet/virtualNetworkPeerings/hubtospoke2",
            "name": "hubtospoke2",
            "remote_virtual_network_id": "/subscriptions/a0f6d487-f022-463a-8aaf-2d154a2b329c/resourceGroups/hub-spoke-rg/providers/Microsoft.Network/virtualNetworks/spoke2-vnet",
            "resource_group_name": "hub-spoke-rg",
            "timeouts": null,
            "use_remote_gateways": false,
            "virtual_network_name": "hub_vnet"
          },
          "sensitive_attributes": [],
          "private": "eyJlMmJmYjczMC1lY2FhLTExZTYtOGY4OC0zNDM2M2JjN2M0YzAiOnsiY3JlYXRlIjoxODAwMDAwMDAwMDAwLCJkZWxldGUiOjE4MDAwMDAwMDAwMDAsInJlYWQiOjMwMDAwMDAwMDAwMCwidXBkYXRlIjoxODAwMDAwMDAwMDAwfX0=",
          "dependencies": [
            "azurerm_resource_group.hub_spoke_rg",
            "azurerm_virtual_network.hubvnet",
            "azurerm_virtual_network.spokevnet2"
          ]
        }
      ]
    },
    {
      "mode": "managed",
      "type": "azurerm_virtual_network_peering",
      "name": "spoke2tohub",
      "provider": "provider[\"registry.terraform.io/hashicorp/azurerm\"]",
      "instances": [
        {
          "schema_version": 0,
          "attributes": {
            "allow_forwarded_traffic": false,
            "allow_gateway_transit": false,
            "allow_virtual_network_access": true,
            "id": "/subscriptions/a0f6d487-f022-463a-8aaf-2d154a2b329c/resourceGroups/hub-spoke-rg/providers/Microsoft.Network/virtualNetworks/spoke2-vnet/virtualNetworkPeerings/spoke2tohub",
            "name": "spoke2tohub",
            "remote_virtual_network_id": "/subscriptions/a0f6d487-f022-463a-8aaf-2d154a2b329c/resourceGroups/hub-spoke-rg/providers/Microsoft.Network/virtualNetworks/hub_vnet",
            "resource_group_name": "hub-spoke-rg",
            "timeouts": null,
            "use_remote_gateways": false,
            "virtual_network_name": "spoke2-vnet"
          },
          "sensitive_attributes": [],
          "private": "eyJlMmJmYjczMC1lY2FhLTExZTYtOGY4OC0zNDM2M2JjN2M0YzAiOnsiY3JlYXRlIjoxODAwMDAwMDAwMDAwLCJkZWxldGUiOjE4MDAwMDAwMDAwMDAsInJlYWQiOjMwMDAwMDAwMDAwMCwidXBkYXRlIjoxODAwMDAwMDAwMDAwfX0=",
          "dependencies": [
            "azurerm_resource_group.hub_spoke_rg",
            "azurerm_virtual_network.hubvnet",
            "azurerm_virtual_network.spokevnet2"
          ]
        }
      ]
    },
    {
      "mode": "managed",
      "type": "azurerm_virtual_network_peering",
      "name": "spoketohub",
      "provider": "provider[\"registry.terraform.io/hashicorp/azurerm\"]",
      "instances": [
        {
          "schema_version": 0,
          "attributes": {
            "allow_forwarded_traffic": false,
            "allow_gateway_transit": false,
            "allow_virtual_network_access": true,
            "id": "/subscriptions/a0f6d487-f022-463a-8aaf-2d154a2b329c/resourceGroups/hub-spoke-rg/providers/Microsoft.Network/virtualNetworks/spoke-vnet/virtualNetworkPeerings/spoke1tohub",
            "name": "spoke1tohub",
            "remote_virtual_network_id": "/subscriptions/a0f6d487-f022-463a-8aaf-2d154a2b329c/resourceGroups/hub-spoke-rg/providers/Microsoft.Network/virtualNetworks/hub_vnet",
            "resource_group_name": "hub-spoke-rg",
            "timeouts": null,
            "use_remote_gateways": false,
            "virtual_network_name": "spoke-vnet"
          },
          "sensitive_attributes": [],
          "private": "eyJlMmJmYjczMC1lY2FhLTExZTYtOGY4OC0zNDM2M2JjN2M0YzAiOnsiY3JlYXRlIjoxODAwMDAwMDAwMDAwLCJkZWxldGUiOjE4MDAwMDAwMDAwMDAsInJlYWQiOjMwMDAwMDAwMDAwMCwidXBkYXRlIjoxODAwMDAwMDAwMDAwfX0=",
          "dependencies": [
            "azurerm_resource_group.hub_spoke_rg",
            "azurerm_virtual_network.hubvnet",
            "azurerm_virtual_network.spokevnet"
          ]
        }
      ]
    },
    {
      "mode": "managed",
      "type": "azurerm_windows_virtual_machine",
      "name": "hubvm",
      "provider": "provider[\"registry.terraform.io/hashicorp/azurerm\"]",
      "instances": [
        {
          "schema_version": 0,
          "attributes": {
            "additional_capabilities": [],
            "additional_unattend_content": [],
            "admin_password": "P@$$w0rd1234!",
            "admin_username": "adminuser",
            "allow_extension_operations": true,
            "availability_set_id": "",
            "boot_diagnostics": [],
            "computer_name": "hub-vm",
            "custom_data": null,
            "dedicated_host_group_id": "",
            "dedicated_host_id": "",
            "edge_zone": "",
            "enable_automatic_updates": true,
            "encryption_at_host_enabled": false,
            "eviction_policy": "",
            "extensions_time_budget": "PT1H30M",
            "hotpatching_enabled": false,
            "id": "/subscriptions/a0f6d487-f022-463a-8aaf-2d154a2b329c/resourceGroups/hub-spoke-rg/providers/Microsoft.Compute/virtualMachines/hub-vm",
            "identity": [],
            "license_type": "",
            "location": "uksouth",
            "max_bid_price": -1,
            "name": "hub-vm",
            "network_interface_ids": [
              "/subscriptions/a0f6d487-f022-463a-8aaf-2d154a2b329c/resourceGroups/hub-spoke-rg/providers/Microsoft.Network/networkInterfaces/hub-nic"
            ],
            "os_disk": [
              {
                "caching": "ReadWrite",
                "diff_disk_settings": [],
                "disk_encryption_set_id": "",
                "disk_size_gb": 127,
                "name": "hub-vm_OsDisk_1_9b606c77b88f4f91b2a4f3d84ab03bee",
                "storage_account_type": "Standard_LRS",
                "write_accelerator_enabled": false
              }
            ],
            "patch_mode": "AutomaticByOS",
            "plan": [],
            "platform_fault_domain": -1,
            "priority": "Regular",
            "private_ip_address": "10.0.1.4",
            "private_ip_addresses": [
              "10.0.1.4"
            ],
            "provision_vm_agent": true,
            "proximity_placement_group_id": "",
            "public_ip_address": "",
            "public_ip_addresses": [],
            "resource_group_name": "hub-spoke-rg",
            "secret": [],
            "secure_boot_enabled": false,
            "size": "Standard_B2s",
            "source_image_id": "",
            "source_image_reference": [
              {
                "offer": "WindowsServer",
                "publisher": "MicrosoftWindowsServer",
                "sku": "2016-Datacenter",
                "version": "latest"
              }
            ],
            "tags": {},
            "termination_notification": [],
            "timeouts": null,
            "timezone": "",
            "user_data": "",
            "virtual_machine_id": "83fcb3d6-9fac-4762-876f-eb0196dcf564",
            "virtual_machine_scale_set_id": "",
            "vtpm_enabled": false,
            "winrm_listener": [],
            "zone": ""
          },
          "sensitive_attributes": [],
          "private": "eyJlMmJmYjczMC1lY2FhLTExZTYtOGY4OC0zNDM2M2JjN2M0YzAiOnsiY3JlYXRlIjoyNzAwMDAwMDAwMDAwLCJkZWxldGUiOjI3MDAwMDAwMDAwMDAsInJlYWQiOjMwMDAwMDAwMDAwMCwidXBkYXRlIjoyNzAwMDAwMDAwMDAwfX0=",
          "dependencies": [
            "azurerm_network_interface.hubnic",
            "azurerm_resource_group.hub_spoke_rg",
            "azurerm_subnet.topremsub",
            "azurerm_virtual_network.hubvnet"
          ]
        }
      ]
    },
    {
      "mode": "managed",
      "type": "azurerm_windows_virtual_machine",
      "name": "spoke1vm",
      "provider": "provider[\"registry.terraform.io/hashicorp/azurerm\"]",
      "instances": [
        {
          "schema_version": 0,
          "attributes": {
            "additional_capabilities": [],
            "additional_unattend_content": [],
            "admin_password": "P@$$w0rd1234!",
            "admin_username": "adminuser",
            "allow_extension_operations": true,
            "availability_set_id": "",
            "boot_diagnostics": [],
            "computer_name": "spoke1-vm",
            "custom_data": null,
            "dedicated_host_group_id": "",
            "dedicated_host_id": "",
            "edge_zone": "",
            "enable_automatic_updates": true,
            "encryption_at_host_enabled": false,
            "eviction_policy": "",
            "extensions_time_budget": "PT1H30M",
            "hotpatching_enabled": false,
            "id": "/subscriptions/a0f6d487-f022-463a-8aaf-2d154a2b329c/resourceGroups/hub-spoke-rg/providers/Microsoft.Compute/virtualMachines/spoke1-vm",
            "identity": [],
            "license_type": "",
            "location": "uksouth",
            "max_bid_price": -1,
            "name": "spoke1-vm",
            "network_interface_ids": [
              "/subscriptions/a0f6d487-f022-463a-8aaf-2d154a2b329c/resourceGroups/hub-spoke-rg/providers/Microsoft.Network/networkInterfaces/spoke1nic"
            ],
            "os_disk": [
              {
                "caching": "ReadWrite",
                "diff_disk_settings": [],
                "disk_encryption_set_id": "",
                "disk_size_gb": 127,
                "name": "spoke1-vm_OsDisk_1_97403122d5364d739ede9652002f9684",
                "storage_account_type": "Standard_LRS",
                "write_accelerator_enabled": false
              }
            ],
            "patch_mode": "AutomaticByOS",
            "plan": [],
            "platform_fault_domain": -1,
            "priority": "Regular",
            "private_ip_address": "10.1.1.4",
            "private_ip_addresses": [
              "10.1.1.4"
            ],
            "provision_vm_agent": true,
            "proximity_placement_group_id": "",
            "public_ip_address": "",
            "public_ip_addresses": [],
            "resource_group_name": "hub-spoke-rg",
            "secret": [],
            "secure_boot_enabled": false,
            "size": "Standard_B2s",
            "source_image_id": "",
            "source_image_reference": [
              {
                "offer": "WindowsServer",
                "publisher": "MicrosoftWindowsServer",
                "sku": "2016-Datacenter",
                "version": "latest"
              }
            ],
            "tags": {},
            "termination_notification": [],
            "timeouts": null,
            "timezone": "",
            "user_data": "",
            "virtual_machine_id": "045d5d0b-bbb3-41d1-8e51-f01c4d03a27f",
            "virtual_machine_scale_set_id": "",
            "vtpm_enabled": false,
            "winrm_listener": [],
            "zone": ""
          },
          "sensitive_attributes": [],
          "private": "eyJlMmJmYjczMC1lY2FhLTExZTYtOGY4OC0zNDM2M2JjN2M0YzAiOnsiY3JlYXRlIjoyNzAwMDAwMDAwMDAwLCJkZWxldGUiOjI3MDAwMDAwMDAwMDAsInJlYWQiOjMwMDAwMDAwMDAwMCwidXBkYXRlIjoyNzAwMDAwMDAwMDAwfX0=",
          "dependencies": [
            "azurerm_network_interface.spoke1nic",
            "azurerm_resource_group.hub_spoke_rg",
            "azurerm_subnet.spokesub",
            "azurerm_virtual_network.spokevnet"
          ]
        }
      ]
    },
    {
      "mode": "managed",
      "type": "azurerm_windows_virtual_machine",
      "name": "spoke2vm",
      "provider": "provider[\"registry.terraform.io/hashicorp/azurerm\"]",
      "instances": [
        {
          "schema_version": 0,
          "attributes": {
            "additional_capabilities": [],
            "additional_unattend_content": [],
            "admin_password": "P@$$w0rd1234!",
            "admin_username": "adminuser",
            "allow_extension_operations": true,
            "availability_set_id": "",
            "boot_diagnostics": [],
            "computer_name": "spoke2-vm",
            "custom_data": null,
            "dedicated_host_group_id": "",
            "dedicated_host_id": "",
            "edge_zone": "",
            "enable_automatic_updates": true,
            "encryption_at_host_enabled": false,
            "eviction_policy": "",
            "extensions_time_budget": "PT1H30M",
            "hotpatching_enabled": false,
            "id": "/subscriptions/a0f6d487-f022-463a-8aaf-2d154a2b329c/resourceGroups/hub-spoke-rg/providers/Microsoft.Compute/virtualMachines/spoke2-vm",
            "identity": [],
            "license_type": "",
            "location": "uksouth",
            "max_bid_price": -1,
            "name": "spoke2-vm",
            "network_interface_ids": [
              "/subscriptions/a0f6d487-f022-463a-8aaf-2d154a2b329c/resourceGroups/hub-spoke-rg/providers/Microsoft.Network/networkInterfaces/spoke2nic"
            ],
            "os_disk": [
              {
                "caching": "ReadWrite",
                "diff_disk_settings": [],
                "disk_encryption_set_id": "",
                "disk_size_gb": 127,
                "name": "spoke2-vm_OsDisk_1_cc99f8625d3d4e9081bc7590d73f7a79",
                "storage_account_type": "Standard_LRS",
                "write_accelerator_enabled": false
              }
            ],
            "patch_mode": "AutomaticByOS",
            "plan": [],
            "platform_fault_domain": -1,
            "priority": "Regular",
            "private_ip_address": "10.2.1.4",
            "private_ip_addresses": [
              "10.2.1.4"
            ],
            "provision_vm_agent": true,
            "proximity_placement_group_id": "",
            "public_ip_address": "",
            "public_ip_addresses": [],
            "resource_group_name": "hub-spoke-rg",
            "secret": [],
            "secure_boot_enabled": false,
            "size": "Standard_B2s",
            "source_image_id": "",
            "source_image_reference": [
              {
                "offer": "WindowsServer",
                "publisher": "MicrosoftWindowsServer",
                "sku": "2016-Datacenter",
                "version": "latest"
              }
            ],
            "tags": {},
            "termination_notification": [],
            "timeouts": null,
            "timezone": "",
            "user_data": "",
            "virtual_machine_id": "4f60d055-fee8-48fa-8c18-47a5a6d30f27",
            "virtual_machine_scale_set_id": "",
            "vtpm_enabled": false,
            "winrm_listener": [],
            "zone": ""
          },
          "sensitive_attributes": [],
          "private": "eyJlMmJmYjczMC1lY2FhLTExZTYtOGY4OC0zNDM2M2JjN2M0YzAiOnsiY3JlYXRlIjoyNzAwMDAwMDAwMDAwLCJkZWxldGUiOjI3MDAwMDAwMDAwMDAsInJlYWQiOjMwMDAwMDAwMDAwMCwidXBkYXRlIjoyNzAwMDAwMDAwMDAwfX0=",
          "dependencies": [
            "azurerm_network_interface.spoke2nic",
            "azurerm_resource_group.hub_spoke_rg",
            "azurerm_subnet.spokesub2",
            "azurerm_virtual_network.spokevnet2"
          ]
        }
      ]
    }
  ],
  "check_results": null
}
